
Microsoft Visual Studio Solution File, Format Version 12.00
# Visual Studio 15
VisualStudioVersion = 15.0.27130.2003
MinimumVisualStudioVersion = 10.0.40219.1
Project("{2150E333-8FDC-42A3-9474-1A3956D46DE8}") = "02 Application", "02 Application", "{59702E6B-25DF-4495-8473-A715A061342D}"
EndProject
Project("{2150E333-8FDC-42A3-9474-1A3956D46DE8}") = "01 Basics", "01 Basics", "{7AE117CE-7C92-4AD1-94BE-CB0C1C7CC9D6}"
EndProject
Project("{2150E333-8FDC-42A3-9474-1A3956D46DE8}") = "03 UI", "03 UI", "{ACAF5422-7F76-47DB-8F83-8CF1E8F5039A}"
EndProject
Project("{2150E333-8FDC-42A3-9474-1A3956D46DE8}") = "Third lib", "Third lib", "{10314EA8-A076-4543-926A-D682F6FA9540}"
EndProject
Project("{9A19103F-16F7-4668-BE54-9A1E7A4F7556}") = "Snowflake.Net.Core", "src\Third_lib\Snowflake.Net.Core\Snowflake.Net.Core.csproj", "{E2D18B5B-D941-4717-A82C-3CE0A6113313}"
EndProject
Project("{9A19103F-16F7-4668-BE54-9A1E7A4F7556}") = "dotNET.Core", "src\Utility\dotNET.Core.csproj", "{75251C9C-06DE-46BE-B0C0-8F85D6C039A9}"
EndProject
Project("{9A19103F-16F7-4668-BE54-9A1E7A4F7556}") = "dotNET.Application", "src\Application\dotNET.Application.csproj", "{B015BE7A-88D2-4D55-AE0E-2912464BC81A}"
EndProject
Project("{9A19103F-16F7-4668-BE54-9A1E7A4F7556}") = "dotNET.Domain", "src\Domain\dotNET.Domain.csproj", "{553198B4-638E-4ECA-A44E-90A36BA78D21}"
EndProject
Project("{9A19103F-16F7-4668-BE54-9A1E7A4F7556}") = "conan.Api", "src\conan.Api\conan.Api.csproj", "{D20A6A94-8FD2-4233-8599-E94DA42A7ECE}"
EndProject
Project("{9A19103F-16F7-4668-BE54-9A1E7A4F7556}") = "conan.Saas", "src\conan.Saas\conan.Saas.csproj", "{A43010FE-3029-4CE1-910B-4E55A9B134E9}"
EndProject
Project("{9A19103F-16F7-4668-BE54-9A1E7A4F7556}") = "conan.Hangfire.Job", "src\conan.Hangfire.Job\conan.Hangfire.Job.csproj", "{C82230B5-0BF4-48F0-ACD9-CC58837CC8A7}"
EndProject
Project("{9A19103F-16F7-4668-BE54-9A1E7A4F7556}") = "dotNET.EFCoreRepository", "src\dotNET.EFCoreRepository\dotNET.EFCoreRepository.csproj", "{4A60454F-C46F-49D2-BFD3-A8615AE95308}"
EndProject
Project("{9A19103F-16F7-4668-BE54-9A1E7A4F7556}") = "dotNET.Dto", "src\dotNET.Dto\dotNET.Dto.csproj", "{DC62347F-52AD-4F47-80BB-0ACAB35428AB}"
EndProject
Global
	GlobalSection(SolutionConfigurationPlatforms) = preSolution
		Debug|Any CPU = Debug|Any CPU
		Debug|x64 = Debug|x64
		Debug|x86 = Debug|x86
		Release|Any CPU = Release|Any CPU
		Release|x64 = Release|x64
		Release|x86 = Release|x86
	EndGlobalSection
	GlobalSection(ProjectConfigurationPlatforms) = postSolution
		{E2D18B5B-D941-4717-A82C-3CE0A6113313}.Debug|Any CPU.ActiveCfg = Debug|Any CPU
		{E2D18B5B-D941-4717-A82C-3CE0A6113313}.Debug|Any CPU.Build.0 = Debug|Any CPU
		{E2D18B5B-D941-4717-A82C-3CE0A6113313}.Debug|x64.ActiveCfg = Debug|Any CPU
		{E2D18B5B-D941-4717-A82C-3CE0A6113313}.Debug|x64.Build.0 = Debug|Any CPU
		{E2D18B5B-D941-4717-A82C-3CE0A6113313}.Debug|x86.ActiveCfg = Debug|Any CPU
		{E2D18B5B-D941-4717-A82C-3CE0A6113313}.Debug|x86.Build.0 = Debug|Any CPU
		{E2D18B5B-D941-4717-A82C-3CE0A6113313}.Release|Any CPU.ActiveCfg = Release|Any CPU
		{E2D18B5B-D941-4717-A82C-3CE0A6113313}.Release|Any CPU.Build.0 = Release|Any CPU
		{E2D18B5B-D941-4717-A82C-3CE0A6113313}.Release|x64.ActiveCfg = Release|Any CPU
		{E2D18B5B-D941-4717-A82C-3CE0A6113313}.Release|x64.Build.0 = Release|Any CPU
		{E2D18B5B-D941-4717-A82C-3CE0A6113313}.Release|x86.ActiveCfg = Release|Any CPU
		{E2D18B5B-D941-4717-A82C-3CE0A6113313}.Release|x86.Build.0 = Release|Any CPU
		{75251C9C-06DE-46BE-B0C0-8F85D6C039A9}.Debug|Any CPU.ActiveCfg = Debug|Any CPU
		{75251C9C-06DE-46BE-B0C0-8F85D6C039A9}.Debug|Any CPU.Build.0 = Debug|Any CPU
		{75251C9C-06DE-46BE-B0C0-8F85D6C039A9}.Debug|x64.ActiveCfg = Debug|Any CPU
		{75251C9C-06DE-46BE-B0C0-8F85D6C039A9}.Debug|x64.Build.0 = Debug|Any CPU
		{75251C9C-06DE-46BE-B0C0-8F85D6C039A9}.Debug|x86.ActiveCfg = Debug|Any CPU
		{75251C9C-06DE-46BE-B0C0-8F85D6C039A9}.Debug|x86.Build.0 = Debug|Any CPU
		{75251C9C-06DE-46BE-B0C0-8F85D6C039A9}.Release|Any CPU.ActiveCfg = Release|Any CPU
		{75251C9C-06DE-46BE-B0C0-8F85D6C039A9}.Release|Any CPU.Build.0 = Release|Any CPU
		{75251C9C-06DE-46BE-B0C0-8F85D6C039A9}.Release|x64.ActiveCfg = Release|Any CPU
		{75251C9C-06DE-46BE-B0C0-8F85D6C039A9}.Release|x64.Build.0 = Release|Any CPU
		{75251C9C-06DE-46BE-B0C0-8F85D6C039A9}.Release|x86.ActiveCfg = Release|Any CPU
		{75251C9C-06DE-46BE-B0C0-8F85D6C039A9}.Release|x86.Build.0 = Release|Any CPU
		{B015BE7A-88D2-4D55-AE0E-2912464BC81A}.Debug|Any CPU.ActiveCfg = Debug|Any CPU
		{B015BE7A-88D2-4D55-AE0E-2912464BC81A}.Debug|Any CPU.Build.0 = Debug|Any CPU
		{B015BE7A-88D2-4D55-AE0E-2912464BC81A}.Debug|x64.ActiveCfg = Debug|Any CPU
		{B015BE7A-88D2-4D55-AE0E-2912464BC81A}.Debug|x64.Build.0 = Debug|Any CPU
		{B015BE7A-88D2-4D55-AE0E-2912464BC81A}.Debug|x86.ActiveCfg = Debug|Any CPU
		{B015BE7A-88D2-4D55-AE0E-2912464BC81A}.Debug|x86.Build.0 = Debug|Any CPU
		{B015BE7A-88D2-4D55-AE0E-2912464BC81A}.Release|Any CPU.ActiveCfg = Release|Any CPU
		{B015BE7A-88D2-4D55-AE0E-2912464BC81A}.Release|Any CPU.Build.0 = Release|Any CPU
		{B015BE7A-88D2-4D55-AE0E-2912464BC81A}.Release|x64.ActiveCfg = Release|Any CPU
		{B015BE7A-88D2-4D55-AE0E-2912464BC81A}.Release|x64.Build.0 = Release|Any CPU
		{B015BE7A-88D2-4D55-AE0E-2912464BC81A}.Release|x86.ActiveCfg = Release|Any CPU
		{B015BE7A-88D2-4D55-AE0E-2912464BC81A}.Release|x86.Build.0 = Release|Any CPU
		{553198B4-638E-4ECA-A44E-90A36BA78D21}.Debug|Any CPU.ActiveCfg = Debug|Any CPU
		{553198B4-638E-4ECA-A44E-90A36BA78D21}.Debug|Any CPU.Build.0 = Debug|Any CPU
		{553198B4-638E-4ECA-A44E-90A36BA78D21}.Debug|x64.ActiveCfg = Debug|Any CPU
		{553198B4-638E-4ECA-A44E-90A36BA78D21}.Debug|x64.Build.0 = Debug|Any CPU
		{553198B4-638E-4ECA-A44E-90A36BA78D21}.Debug|x86.ActiveCfg = Debug|Any CPU
		{553198B4-638E-4ECA-A44E-90A36BA78D21}.Debug|x86.Build.0 = Debug|Any CPU
		{553198B4-638E-4ECA-A44E-90A36BA78D21}.Release|Any CPU.ActiveCfg = Release|Any CPU
		{553198B4-638E-4ECA-A44E-90A36BA78D21}.Release|Any CPU.Build.0 = Release|Any CPU
		{553198B4-638E-4ECA-A44E-90A36BA78D21}.Release|x64.ActiveCfg = Release|Any CPU
		{553198B4-638E-4ECA-A44E-90A36BA78D21}.Release|x64.Build.0 = Release|Any CPU
		{553198B4-638E-4ECA-A44E-90A36BA78D21}.Release|x86.ActiveCfg = Release|Any CPU
		{553198B4-638E-4ECA-A44E-90A36BA78D21}.Release|x86.Build.0 = Release|Any CPU
		{D20A6A94-8FD2-4233-8599-E94DA42A7ECE}.Debug|Any CPU.ActiveCfg = Debug|Any CPU
		{D20A6A94-8FD2-4233-8599-E94DA42A7ECE}.Debug|Any CPU.Build.0 = Debug|Any CPU
		{D20A6A94-8FD2-4233-8599-E94DA42A7ECE}.Debug|x64.ActiveCfg = Debug|Any CPU
		{D20A6A94-8FD2-4233-8599-E94DA42A7ECE}.Debug|x64.Build.0 = Debug|Any CPU
		{D20A6A94-8FD2-4233-8599-E94DA42A7ECE}.Debug|x86.ActiveCfg = Debug|Any CPU
		{D20A6A94-8FD2-4233-8599-E94DA42A7ECE}.Debug|x86.Build.0 = Debug|Any CPU
		{D20A6A94-8FD2-4233-8599-E94DA42A7ECE}.Release|Any CPU.ActiveCfg = Release|Any CPU
		{D20A6A94-8FD2-4233-8599-E94DA42A7ECE}.Release|Any CPU.Build.0 = Release|Any CPU
		{D20A6A94-8FD2-4233-8599-E94DA42A7ECE}.Release|x64.ActiveCfg = Release|Any CPU
		{D20A6A94-8FD2-4233-8599-E94DA42A7ECE}.Release|x64.Build.0 = Release|Any CPU
		{D20A6A94-8FD2-4233-8599-E94DA42A7ECE}.Release|x86.ActiveCfg = Release|Any CPU
		{D20A6A94-8FD2-4233-8599-E94DA42A7ECE}.Release|x86.Build.0 = Release|Any CPU
		{A43010FE-3029-4CE1-910B-4E55A9B134E9}.Debug|Any CPU.ActiveCfg = Debug|Any CPU
		{A43010FE-3029-4CE1-910B-4E55A9B134E9}.Debug|Any CPU.Build.0 = Debug|Any CPU
		{A43010FE-3029-4CE1-910B-4E55A9B134E9}.Debug|x64.ActiveCfg = Debug|Any CPU
		{A43010FE-3029-4CE1-910B-4E55A9B134E9}.Debug|x64.Build.0 = Debug|Any CPU
		{A43010FE-3029-4CE1-910B-4E55A9B134E9}.Debug|x86.ActiveCfg = Debug|Any CPU
		{A43010FE-3029-4CE1-910B-4E55A9B134E9}.Debug|x86.Build.0 = Debug|Any CPU
		{A43010FE-3029-4CE1-910B-4E55A9B134E9}.Release|Any CPU.ActiveCfg = Release|Any CPU
		{A43010FE-3029-4CE1-910B-4E55A9B134E9}.Release|Any CPU.Build.0 = Release|Any CPU
		{A43010FE-3029-4CE1-910B-4E55A9B134E9}.Release|x64.ActiveCfg = Release|Any CPU
		{A43010FE-3029-4CE1-910B-4E55A9B134E9}.Release|x64.Build.0 = Release|Any CPU
		{A43010FE-3029-4CE1-910B-4E55A9B134E9}.Release|x86.ActiveCfg = Release|Any CPU
		{A43010FE-3029-4CE1-910B-4E55A9B134E9}.Release|x86.Build.0 = Release|Any CPU
		{C82230B5-0BF4-48F0-ACD9-CC58837CC8A7}.Debug|Any CPU.ActiveCfg = Debug|Any CPU
		{C82230B5-0BF4-48F0-ACD9-CC58837CC8A7}.Debug|Any CPU.Build.0 = Debug|Any CPU
		{C82230B5-0BF4-48F0-ACD9-CC58837CC8A7}.Debug|x64.ActiveCfg = Debug|Any CPU
		{C82230B5-0BF4-48F0-ACD9-CC58837CC8A7}.Debug|x64.Build.0 = Debug|Any CPU
		{C82230B5-0BF4-48F0-ACD9-CC58837CC8A7}.Debug|x86.ActiveCfg = Debug|Any CPU
		{C82230B5-0BF4-48F0-ACD9-CC58837CC8A7}.Debug|x86.Build.0 = Debug|Any CPU
		{C82230B5-0BF4-48F0-ACD9-CC58837CC8A7}.Release|Any CPU.ActiveCfg = Release|Any CPU
		{C82230B5-0BF4-48F0-ACD9-CC58837CC8A7}.Release|Any CPU.Build.0 = Release|Any CPU
		{C82230B5-0BF4-48F0-ACD9-CC58837CC8A7}.Release|x64.ActiveCfg = Release|Any CPU
		{C82230B5-0BF4-48F0-ACD9-CC58837CC8A7}.Release|x64.Build.0 = Release|Any CPU
		{C82230B5-0BF4-48F0-ACD9-CC58837CC8A7}.Release|x86.ActiveCfg = Release|Any CPU
		{C82230B5-0BF4-48F0-ACD9-CC58837CC8A7}.Release|x86.Build.0 = Release|Any CPU
		{4A60454F-C46F-49D2-BFD3-A8615AE95308}.Debug|Any CPU.ActiveCfg = Debug|Any CPU
		{4A60454F-C46F-49D2-BFD3-A8615AE95308}.Debug|Any CPU.Build.0 = Debug|Any CPU
		{4A60454F-C46F-49D2-BFD3-A8615AE95308}.Debug|x64.ActiveCfg = Debug|Any CPU
		{4A60454F-C46F-49D2-BFD3-A8615AE95308}.Debug|x64.Build.0 = Debug|Any CPU
		{4A60454F-C46F-49D2-BFD3-A8615AE95308}.Debug|x86.ActiveCfg = Debug|Any CPU
		{4A60454F-C46F-49D2-BFD3-A8615AE95308}.Debug|x86.Build.0 = Debug|Any CPU
		{4A60454F-C46F-49D2-BFD3-A8615AE95308}.Release|Any CPU.ActiveCfg = Release|Any CPU
		{4A60454F-C46F-49D2-BFD3-A8615AE95308}.Release|Any CPU.Build.0 = Release|Any CPU
		{4A60454F-C46F-49D2-BFD3-A8615AE95308}.Release|x64.ActiveCfg = Release|Any CPU
		{4A60454F-C46F-49D2-BFD3-A8615AE95308}.Release|x64.Build.0 = Release|Any CPU
		{4A60454F-C46F-49D2-BFD3-A8615AE95308}.Release|x86.ActiveCfg = Release|Any CPU
		{4A60454F-C46F-49D2-BFD3-A8615AE95308}.Release|x86.Build.0 = Release|Any CPU
		{DC62347F-52AD-4F47-80BB-0ACAB35428AB}.Debug|Any CPU.ActiveCfg = Debug|Any CPU
		{DC62347F-52AD-4F47-80BB-0ACAB35428AB}.Debug|Any CPU.Build.0 = Debug|Any CPU
		{DC62347F-52AD-4F47-80BB-0ACAB35428AB}.Debug|x64.ActiveCfg = Debug|Any CPU
		{DC62347F-52AD-4F47-80BB-0ACAB35428AB}.Debug|x64.Build.0 = Debug|Any CPU
		{DC62347F-52AD-4F47-80BB-0ACAB35428AB}.Debug|x86.ActiveCfg = Debug|Any CPU
		{DC62347F-52AD-4F47-80BB-0ACAB35428AB}.Debug|x86.Build.0 = Debug|Any CPU
		{DC62347F-52AD-4F47-80BB-0ACAB35428AB}.Release|Any CPU.ActiveCfg = Release|Any CPU
		{DC62347F-52AD-4F47-80BB-0ACAB35428AB}.Release|Any CPU.Build.0 = Release|Any CPU
		{DC62347F-52AD-4F47-80BB-0ACAB35428AB}.Release|x64.ActiveCfg = Release|Any CPU
		{DC62347F-52AD-4F47-80BB-0ACAB35428AB}.Release|x64.Build.0 = Release|Any CPU
		{DC62347F-52AD-4F47-80BB-0ACAB35428AB}.Release|x86.ActiveCfg = Release|Any CPU
		{DC62347F-52AD-4F47-80BB-0ACAB35428AB}.Release|x86.Build.0 = Release|Any CPU
	EndGlobalSection
	GlobalSection(SolutionProperties) = preSolution
		HideSolutionNode = FALSE
	EndGlobalSection
	GlobalSection(NestedProjects) = preSolution
		{10314EA8-A076-4543-926A-D682F6FA9540} = {7AE117CE-7C92-4AD1-94BE-CB0C1C7CC9D6}
		{E2D18B5B-D941-4717-A82C-3CE0A6113313} = {10314EA8-A076-4543-926A-D682F6FA9540}
		{75251C9C-06DE-46BE-B0C0-8F85D6C039A9} = {7AE117CE-7C92-4AD1-94BE-CB0C1C7CC9D6}
		{B015BE7A-88D2-4D55-AE0E-2912464BC81A} = {59702E6B-25DF-4495-8473-A715A061342D}
		{553198B4-638E-4ECA-A44E-90A36BA78D21} = {59702E6B-25DF-4495-8473-A715A061342D}
		{D20A6A94-8FD2-4233-8599-E94DA42A7ECE} = {ACAF5422-7F76-47DB-8F83-8CF1E8F5039A}
		{A43010FE-3029-4CE1-910B-4E55A9B134E9} = {ACAF5422-7F76-47DB-8F83-8CF1E8F5039A}
		{C82230B5-0BF4-48F0-ACD9-CC58837CC8A7} = {ACAF5422-7F76-47DB-8F83-8CF1E8F5039A}
		{4A60454F-C46F-49D2-BFD3-A8615AE95308} = {59702E6B-25DF-4495-8473-A715A061342D}
		{DC62347F-52AD-4F47-80BB-0ACAB35428AB} = {59702E6B-25DF-4495-8473-A715A061342D}
	EndGlobalSection
	GlobalSection(ExtensibilityGlobals) = postSolution
		SolutionGuid = {CAEF2A76-F114-4685-8634-0D207E28F58C}
	EndGlobalSection
EndGlobal
